{
  "nodes": {
    "home-manager": {
      "inputs": {
        "nixpkgs": [
          "nixpkgs"
        ]
      },
      "locked": {
        "lastModified": 1791306979,
        "narHash": "sha256-KuLePuhwJM9NLt/gTLHzXaOoSZKGoB3m7NfXjiQ98HY=",
        "owner": "nix-community",
        "repo": "home-manager",
        "rev": "fae6e9e42c3b762ab47635cddcfaf6f52374a61b",
        "type": "github"
      },
      "original": {
        "owner": "nix-community",
        "ref": "master",
        "repo": "home-manager",
        "type": "github"
      }
    },
    "nixpkgs": {
      "locked": {
        "lastModified": 1791336361,
        "narHash": "sha256-o9ZUW4SlEAvFPIyJWnqChhOT/VHpHg8TAvEgmqK1fSI=",
        "owner": "NixOS",
        "repo": "nixpkgs",
        "rev": "7dd199b0e2993e37b4775ed66b1c291699608c9f",
        "type": "github"
      },
      "original": {
        "owner": "NixOS",
        "ref": "nixpkgs-unstable",
        "repo": "nixpkgs",
        "type": "github"
      }
    },
    "root": {
      "inputs": {
        "home-manager": "home-manager",
        "nixpkgs": "nixpkgs"
      }
    }
  },
  "root": "root",
  "version": 7
}
