{
  "nodes": {
    "home-manager": {
      "inputs": {
        "nixpkgs": [
          "nixpkgs"
        ]
      },
      "locked": {
        "lastModified": 1790365885,
        "narHash": "sha256-iQ0ebhiVo64NktTnwft9hNxlFu4j5cvljVxyJaEVIP4=",
        "owner": "nix-community",
        "repo": "home-manager",
        "rev": "7b4c5ec4bedaf1e062bbc1bcaeddbc6bd242aa1b",
        "type": "github"
      },
      "original": {
        "owner": "nix-community",
        "ref": "master",
        "repo": "home-manager",
        "type": "github"
      }
    },
    "nixpkgs": {
      "locked": {
        "lastModified": 1790600678,
        "narHash": "sha256-6k3n7X2UsZ6tAlWTz99RimiZab+17tMUrw9sRUcELiA=",
        "owner": "NixOS",
        "repo": "nixpkgs",
        "rev": "f45c6f04c2f013f004bf94e284e95d72898d9393",
        "type": "github"
      },
      "original": {
        "owner": "NixOS",
        "ref": "nixpkgs-unstable",
        "repo": "nixpkgs",
        "type": "github"
      }
    },
    "root": {
      "inputs": {
        "home-manager": "home-manager",
        "nixpkgs": "nixpkgs"
      }
    }
  },
  "root": "root",
  "version": 7
}
