{
  "nodes": {
    "home-manager": {
      "inputs": {
        "nixpkgs": [
          "nixpkgs"
        ]
      },
      "locked": {
        "lastModified": 1778609305,
        "narHash": "sha256-muTc+WME6k3sfTr/Pvmw8hrK7zXrbl961TEF9wPeAnk=",
        "owner": "nix-community",
        "repo": "home-manager",
        "rev": "5878fdadfe2cfe1b3383b38d66117f7b80696b68",
        "type": "github"
      },
      "original": {
        "owner": "nix-community",
        "repo": "home-manager",
        "type": "github"
      }
    },
    "nixpkgs": {
      "locked": {
        "lastModified": 1778551015,
        "narHash": "sha256-j299xXVjlKs5WtVkKSgEXZGvpTTw5X2iWwKs4KWv/Ag=",
        "owner": "NixOS",
        "repo": "nixpkgs",
        "rev": "0a0bf409f3593f415d0a554f33acc63dc7dccb43",
        "type": "github"
      },
      "original": {
        "owner": "NixOS",
        "ref": "nixpkgs-unstable",
        "repo": "nixpkgs",
        "type": "github"
      }
    },
    "root": {
      "inputs": {
        "home-manager": "home-manager",
        "nixpkgs": "nixpkgs"
      }
    }
  },
  "root": "root",
  "version": 7
}
